<?xml version="1.0" encoding="utf-8"?>
<Project ToolsVersion="4.0" xmlns="http://schemas.microsoft.com/developer/msbuild/2003">
  <ItemGroup>
    <Filter Include="ソース ファイル">
      <UniqueIdentifier>{4FC737F1-C7A5-4376-A066-2A32D752A2FF}</UniqueIdentifier>
      <Extensions>cpp;c;cc;cxx;def;odl;idl;hpj;bat;asm;asmx</Extensions>
    </Filter>
    <Filter Include="リソース ファイル">
      <UniqueIdentifier>{67DA6AB6-F800-4c08-8B7A-83BB121AAD01}</UniqueIdentifier>
      <Extensions>rc;ico;cur;bmp;dlg;rc2;rct;bin;rgs;gif;jpg;jpeg;jpe;resx;tiff;tif;png;wav;mfcribbon-ms</Extensions>
    </Filter>
    <Filter Include="ソース ファイル\Question">
      <UniqueIdentifier>{b640b861-4ce1-4c4b-90ee-d15bcafa34fe}</UniqueIdentifier>
    </Filter>
    <Filter Include="ヘッダー ファイル">
      <UniqueIdentifier>{93995380-89BD-4b04-88EB-625FBE52EBFB}</UniqueIdentifier>
      <Extensions>h;hh;hpp;hxx;hm;inl;inc;ipp;xsd</Extensions>
    </Filter>
    <Filter Include="ヘッダー ファイル\Question">
      <UniqueIdentifier>{8787853e-3576-4c8b-a683-7a4b7370049f}</UniqueIdentifier>
    </Filter>
    <Filter Include="ヘッダー ファイル\Utility">
      <UniqueIdentifier>{9b7b85e5-3f31-4049-affa-8274ae5bc569}</UniqueIdentifier>
    </Filter>
    <Filter Include="ソース ファイル\Utility">
      <UniqueIdentifier>{bfcb4cc9-0033-4141-bb38-10b51d40640a}</UniqueIdentifier>
    </Filter>
    <Filter Include="ソース ファイル\Question\AtCoderBS">
      <UniqueIdentifier>{0c52ef6f-59f2-4d2e-985f-9f26bf8e98fa}</UniqueIdentifier>
    </Filter>
    <Filter Include="ヘッダー ファイル\Question\AtCoderBS">
      <UniqueIdentifier>{18fa38a7-1fec-4551-9e38-2a683359123d}</UniqueIdentifier>
    </Filter>
    <Filter Include="ソース ファイル\Question\b234">
      <UniqueIdentifier>{0f29c51b-fd3f-4a66-ba30-251a3c102d82}</UniqueIdentifier>
    </Filter>
    <Filter Include="ヘッダー ファイル\Question\b234">
      <UniqueIdentifier>{f4e8ff8a-12aa-4b17-8c6f-edd4e2688621}</UniqueIdentifier>
    </Filter>
  </ItemGroup>
  <ItemGroup>
    <ClInclude Include="AtCoderQuestionBase.h">
      <Filter>ヘッダー ファイル</Filter>
    </ClInclude>
    <ClInclude Include="Utility\MakeSubmitFIle.h">
      <Filter>ヘッダー ファイル\Utility</Filter>
    </ClInclude>
    <ClInclude Include="Utility\Utility.h">
      <Filter>ヘッダー ファイル\Utility</Filter>
    </ClInclude>
    <ClInclude Include="Utility\InputManager.h">
      <Filter>ヘッダー ファイル\Utility</Filter>
    </ClInclude>
    <ClInclude Include="Utility\OutputManager.h">
      <Filter>ヘッダー ファイル\Utility</Filter>
    </ClInclude>
    <ClInclude Include="Question\AtCoderBS\QuestionAtCoderBS11.h">
      <Filter>ヘッダー ファイル\Question\AtCoderBS</Filter>
    </ClInclude>
    <ClInclude Include="Question\AtCoderBS\QuestionAtCoderBS10.h">
      <Filter>ヘッダー ファイル\Question\AtCoderBS</Filter>
    </ClInclude>
    <ClInclude Include="Question\AtCoderBS\QuestionAtCoderBS9.h">
      <Filter>ヘッダー ファイル\Question\AtCoderBS</Filter>
    </ClInclude>
    <ClInclude Include="Question\AtCoderBS\QuestionAtCoderBS8.h">
      <Filter>ヘッダー ファイル\Question\AtCoderBS</Filter>
    </ClInclude>
    <ClInclude Include="Question\AtCoderBS\QuestionAtCoderBS7.h">
      <Filter>ヘッダー ファイル\Question\AtCoderBS</Filter>
    </ClInclude>
    <ClInclude Include="Question\AtCoderBS\QuestionAtCoderBS6.h">
      <Filter>ヘッダー ファイル\Question\AtCoderBS</Filter>
    </ClInclude>
    <ClInclude Include="Question\AtCoderBS\QuestionAtCoderBS5.h">
      <Filter>ヘッダー ファイル\Question\AtCoderBS</Filter>
    </ClInclude>
    <ClInclude Include="Question\AtCoderBS\QuestionAtCoderBS4.h">
      <Filter>ヘッダー ファイル\Question\AtCoderBS</Filter>
    </ClInclude>
    <ClInclude Include="Question\AtCoderBS\QuestionAtCoderBS3.h">
      <Filter>ヘッダー ファイル\Question\AtCoderBS</Filter>
    </ClInclude>
    <ClInclude Include="Question\AtCoderBS\QuestionAtCoderBS2.h">
      <Filter>ヘッダー ファイル\Question\AtCoderBS</Filter>
    </ClInclude>
    <ClInclude Include="Question\AtCoderBS\QuestionAtCoderBS1.h">
      <Filter>ヘッダー ファイル\Question\AtCoderBS</Filter>
    </ClInclude>
    <ClInclude Include="Question\b234\Questionb234A.h">
      <Filter>ヘッダー ファイル\Question\b234</Filter>
    </ClInclude>
    <ClInclude Include="Question\b234\Questionb234B.h">
      <Filter>ヘッダー ファイル\Question\b234</Filter>
    </ClInclude>
    <ClInclude Include="Question\b234\Questionb234C.h">
      <Filter>ヘッダー ファイル\Question\b234</Filter>
    </ClInclude>
    <ClInclude Include="Question\b234\Questionb234D.h">
      <Filter>ヘッダー ファイル\Question\b234</Filter>
    </ClInclude>
    <ClInclude Include="Question\b234\Questionb234E.h">
      <Filter>ヘッダー ファイル\Question\b234</Filter>
    </ClInclude>
    <ClInclude Include="Question\b234\Questionb234Ex.h">
      <Filter>ヘッダー ファイル\Question\b234</Filter>
    </ClInclude>
    <ClInclude Include="Question\b234\Questionb234F.h">
      <Filter>ヘッダー ファイル\Question\b234</Filter>
    </ClInclude>
    <ClInclude Include="Question\b234\Questionb234G.h">
      <Filter>ヘッダー ファイル\Question\b234</Filter>
    </ClInclude>
  </ItemGroup>
  <ItemGroup>
    <ClCompile Include="main.cpp">
      <Filter>ソース ファイル</Filter>
    </ClCompile>
    <ClCompile Include="Utility\Utility.cpp">
      <Filter>ソース ファイル\Utility</Filter>
    </ClCompile>
    <ClCompile Include="Utility\InputManager.cpp">
      <Filter>ソース ファイル\Utility</Filter>
    </ClCompile>
    <ClCompile Include="Utility\OutputManager.cpp">
      <Filter>ソース ファイル\Utility</Filter>
    </ClCompile>
    <ClCompile Include="Question\AtCoderBS\QuestionAtCoderBS1.cpp">
      <Filter>ソース ファイル\Question\AtCoderBS</Filter>
    </ClCompile>
    <ClCompile Include="Question\AtCoderBS\QuestionAtCoderBS2.cpp">
      <Filter>ソース ファイル\Question\AtCoderBS</Filter>
    </ClCompile>
    <ClCompile Include="Question\AtCoderBS\QuestionAtCoderBS3.cpp">
      <Filter>ソース ファイル\Question\AtCoderBS</Filter>
    </ClCompile>
    <ClCompile Include="Question\AtCoderBS\QuestionAtCoderBS4.cpp">
      <Filter>ソース ファイル\Question\AtCoderBS</Filter>
    </ClCompile>
    <ClCompile Include="Question\AtCoderBS\QuestionAtCoderBS5.cpp">
      <Filter>ソース ファイル\Question\AtCoderBS</Filter>
    </ClCompile>
    <ClCompile Include="Question\AtCoderBS\QuestionAtCoderBS6.cpp">
      <Filter>ソース ファイル\Question\AtCoderBS</Filter>
    </ClCompile>
    <ClCompile Include="Question\AtCoderBS\QuestionAtCoderBS7.cpp">
      <Filter>ソース ファイル\Question\AtCoderBS</Filter>
    </ClCompile>
    <ClCompile Include="Question\AtCoderBS\QuestionAtCoderBS8.cpp">
      <Filter>ソース ファイル\Question\AtCoderBS</Filter>
    </ClCompile>
    <ClCompile Include="Question\AtCoderBS\QuestionAtCoderBS9.cpp">
      <Filter>ソース ファイル\Question\AtCoderBS</Filter>
    </ClCompile>
    <ClCompile Include="Question\AtCoderBS\QuestionAtCoderBS10.cpp">
      <Filter>ソース ファイル\Question\AtCoderBS</Filter>
    </ClCompile>
    <ClCompile Include="Question\AtCoderBS\QuestionAtCoderBS11.cpp">
      <Filter>ソース ファイル\Question\AtCoderBS</Filter>
    </ClCompile>
    <ClCompile Include="AtCoderQuestionBase.cpp">
      <Filter>ソース ファイル</Filter>
    </ClCompile>
    <ClCompile Include="Question\b234\Questionb234A.cpp">
      <Filter>ソース ファイル\Question\b234</Filter>
    </ClCompile>
    <ClCompile Include="Question\b234\Questionb234B.cpp">
      <Filter>ソース ファイル\Question\b234</Filter>
    </ClCompile>
    <ClCompile Include="Question\b234\Questionb234C.cpp">
      <Filter>ソース ファイル\Question\b234</Filter>
    </ClCompile>
    <ClCompile Include="Question\b234\Questionb234D.cpp">
      <Filter>ソース ファイル\Question\b234</Filter>
    </ClCompile>
    <ClCompile Include="Question\b234\Questionb234E.cpp">
      <Filter>ソース ファイル\Question\b234</Filter>
    </ClCompile>
    <ClCompile Include="Question\b234\Questionb234Ex.cpp">
      <Filter>ソース ファイル\Question\b234</Filter>
    </ClCompile>
    <ClCompile Include="Question\b234\Questionb234F.cpp">
      <Filter>ソース ファイル\Question\b234</Filter>
    </ClCompile>
    <ClCompile Include="Question\b234\Questionb234G.cpp">
      <Filter>ソース ファイル\Question\b234</Filter>
    </ClCompile>
  </ItemGroup>
</Project>