
Microsoft Visual Studio Solution File, Format Version 12.00
# Visual Studio Version 16
VisualStudioVersion = 16.0.29411.108
MinimumVisualStudioVersion = 10.0.40219.1
Project("{8BC9CEB8-8B4A-11D0-8D11-00A0C91BC942}") = "AtCoder", "AtCoder.vcxproj", "{26449EA1-F119-4698-8E36-9AC7E661E64C}"
EndProject
Global
	GlobalSection(SolutionConfigurationPlatforms) = preSolution
		Debug|x64 = Debug|x64
		Debug|x86 = Debug|x86
		Release|x64 = Release|x64
		Release|x86 = Release|x86
	EndGlobalSection
	GlobalSection(ProjectConfigurationPlatforms) = postSolution
		{26449EA1-F119-4698-8E36-9AC7E661E64C}.Debug|x64.ActiveCfg = Debug|x64
		{26449EA1-F119-4698-8E36-9AC7E661E64C}.Debug|x64.Build.0 = Debug|x64
		{26449EA1-F119-4698-8E36-9AC7E661E64C}.Debug|x86.ActiveCfg = Debug|Win32
		{26449EA1-F119-4698-8E36-9AC7E661E64C}.Debug|x86.Build.0 = Debug|Win32
		{26449EA1-F119-4698-8E36-9AC7E661E64C}.Release|x64.ActiveCfg = Release|x64
		{26449EA1-F119-4698-8E36-9AC7E661E64C}.Release|x64.Build.0 = Release|x64
		{26449EA1-F119-4698-8E36-9AC7E661E64C}.Release|x86.ActiveCfg = Release|Win32
		{26449EA1-F119-4698-8E36-9AC7E661E64C}.Release|x86.Build.0 = Release|Win32
	EndGlobalSection
	GlobalSection(SolutionProperties) = preSolution
		HideSolutionNode = FALSE
	EndGlobalSection
	GlobalSection(ExtensibilityGlobals) = postSolution
		SolutionGuid = {BD71C5CC-E3E1-433C-BDBF-13AC0D82E3FF}
	EndGlobalSection
EndGlobal
