<?xml version="1.0" encoding="utf-8"?>
<Project ToolsVersion="4.0" xmlns="http://schemas.microsoft.com/developer/msbuild/2003">
  <ItemGroup>
    <Filter Include="ソース ファイル">
      <UniqueIdentifier>{4FC737F1-C7A5-4376-A066-2A32D752A2FF}</UniqueIdentifier>
      <Extensions>cpp;c;cc;cxx;def;odl;idl;hpj;bat;asm;asmx</Extensions>
    </Filter>
    <Filter Include="リソース ファイル">
      <UniqueIdentifier>{67DA6AB6-F800-4c08-8B7A-83BB121AAD01}</UniqueIdentifier>
      <Extensions>rc;ico;cur;bmp;dlg;rc2;rct;bin;rgs;gif;jpg;jpeg;jpe;resx;tiff;tif;png;wav;mfcribbon-ms</Extensions>
    </Filter>
    <Filter Include="ソース ファイル\Question">
      <UniqueIdentifier>{b640b861-4ce1-4c4b-90ee-d15bcafa34fe}</UniqueIdentifier>
    </Filter>
    <Filter Include="ヘッダー ファイル">
      <UniqueIdentifier>{93995380-89BD-4b04-88EB-625FBE52EBFB}</UniqueIdentifier>
      <Extensions>h;hh;hpp;hxx;hm;inl;inc;ipp;xsd</Extensions>
    </Filter>
    <Filter Include="ヘッダー ファイル\Question">
      <UniqueIdentifier>{8787853e-3576-4c8b-a683-7a4b7370049f}</UniqueIdentifier>
    </Filter>
    <Filter Include="ヘッダー ファイル\Utility">
      <UniqueIdentifier>{9b7b85e5-3f31-4049-affa-8274ae5bc569}</UniqueIdentifier>
    </Filter>
    <Filter Include="ソース ファイル\Utility">
      <UniqueIdentifier>{bfcb4cc9-0033-4141-bb38-10b51d40640a}</UniqueIdentifier>
    </Filter>
    <Filter Include="ソース ファイル\Question\Typical">
      <UniqueIdentifier>{40ee7942-502b-4a85-9923-08c6e2bfab48}</UniqueIdentifier>
    </Filter>
    <Filter Include="ヘッダー ファイル\Question\Typical">
      <UniqueIdentifier>{aed51150-6819-48ed-89dd-3fed52fafda3}</UniqueIdentifier>
    </Filter>
    <Filter Include="ソース ファイル\Question\r138">
      <UniqueIdentifier>{81af4b8b-3116-4455-aa81-e12b1cd63ed6}</UniqueIdentifier>
    </Filter>
    <Filter Include="ソース ファイル\Question\b251">
      <UniqueIdentifier>{3f6eb507-ee57-4782-9c67-7b8af60bf472}</UniqueIdentifier>
    </Filter>
  </ItemGroup>
  <ItemGroup>
    <ClInclude Include="AtCoderQuestionBase.h">
      <Filter>ヘッダー ファイル</Filter>
    </ClInclude>
    <ClInclude Include="Utility\MakeSubmitFIle.h">
      <Filter>ヘッダー ファイル\Utility</Filter>
    </ClInclude>
    <ClInclude Include="Utility\Utility.h">
      <Filter>ヘッダー ファイル\Utility</Filter>
    </ClInclude>
    <ClInclude Include="Utility\InputManager.h">
      <Filter>ヘッダー ファイル\Utility</Filter>
    </ClInclude>
    <ClInclude Include="Utility\OutputManager.h">
      <Filter>ヘッダー ファイル\Utility</Filter>
    </ClInclude>
    <ClInclude Include="Question\Typical\QuestionTypical36.h">
      <Filter>ヘッダー ファイル\Question\Typical</Filter>
    </ClInclude>
    <ClInclude Include="Question\Typical\QuestionTypical42.h">
      <Filter>ヘッダー ファイル\Question\Typical</Filter>
    </ClInclude>
    <ClInclude Include="Question\Typical\QuestionTypical72.h">
      <Filter>ヘッダー ファイル\Question\Typical</Filter>
    </ClInclude>
    <ClInclude Include="Question\Typical\QuestionTypical56.h">
      <Filter>ヘッダー ファイル\Question\Typical</Filter>
    </ClInclude>
    <ClInclude Include="Question\Typical\QuestionTypical51.h">
      <Filter>ヘッダー ファイル\Question\Typical</Filter>
    </ClInclude>
    <ClInclude Include="Question\r138\Questionr138A.h">
      <Filter>ソース ファイル\Question\r138</Filter>
    </ClInclude>
    <ClInclude Include="Question\r138\Questionr138B.h">
      <Filter>ソース ファイル\Question\r138</Filter>
    </ClInclude>
    <ClInclude Include="Question\r138\Questionr138C.h">
      <Filter>ソース ファイル\Question\r138</Filter>
    </ClInclude>
    <ClInclude Include="Question\r138\Questionr138D.h">
      <Filter>ソース ファイル\Question\r138</Filter>
    </ClInclude>
    <ClInclude Include="Question\r138\Questionr138E.h">
      <Filter>ソース ファイル\Question\r138</Filter>
    </ClInclude>
    <ClInclude Include="Question\b251\Questionb251A.h">
      <Filter>ソース ファイル\Question\b251</Filter>
    </ClInclude>
    <ClInclude Include="Question\b251\Questionb251B.h">
      <Filter>ソース ファイル\Question\b251</Filter>
    </ClInclude>
    <ClInclude Include="Question\b251\Questionb251C.h">
      <Filter>ソース ファイル\Question\b251</Filter>
    </ClInclude>
    <ClInclude Include="Question\b251\Questionb251D.h">
      <Filter>ソース ファイル\Question\b251</Filter>
    </ClInclude>
    <ClInclude Include="Question\b251\Questionb251E.h">
      <Filter>ソース ファイル\Question\b251</Filter>
    </ClInclude>
    <ClInclude Include="Question\b251\Questionb251Ex.h">
      <Filter>ソース ファイル\Question\b251</Filter>
    </ClInclude>
    <ClInclude Include="Question\b251\Questionb251F.h">
      <Filter>ソース ファイル\Question\b251</Filter>
    </ClInclude>
    <ClInclude Include="Question\b251\Questionb251G.h">
      <Filter>ソース ファイル\Question\b251</Filter>
    </ClInclude>
  </ItemGroup>
  <ItemGroup>
    <ClCompile Include="main.cpp">
      <Filter>ソース ファイル</Filter>
    </ClCompile>
    <ClCompile Include="Utility\Utility.cpp">
      <Filter>ソース ファイル\Utility</Filter>
    </ClCompile>
    <ClCompile Include="Utility\InputManager.cpp">
      <Filter>ソース ファイル\Utility</Filter>
    </ClCompile>
    <ClCompile Include="Utility\OutputManager.cpp">
      <Filter>ソース ファイル\Utility</Filter>
    </ClCompile>
    <ClCompile Include="AtCoderQuestionBase.cpp">
      <Filter>ソース ファイル</Filter>
    </ClCompile>
    <ClCompile Include="Question\Typical\QuestionTypical36.cpp">
      <Filter>ソース ファイル\Question\Typical</Filter>
    </ClCompile>
    <ClCompile Include="Question\Typical\QuestionTypical42.cpp">
      <Filter>ソース ファイル\Question\Typical</Filter>
    </ClCompile>
    <ClCompile Include="Question\Typical\QuestionTypical72.cpp">
      <Filter>ソース ファイル\Question\Typical</Filter>
    </ClCompile>
    <ClCompile Include="Question\Typical\QuestionTypical56.cpp">
      <Filter>ソース ファイル\Question\Typical</Filter>
    </ClCompile>
    <ClCompile Include="Question\Typical\QuestionTypical51.cpp">
      <Filter>ソース ファイル\Question\Typical</Filter>
    </ClCompile>
    <ClCompile Include="Question\r138\Questionr138A.cpp">
      <Filter>ソース ファイル\Question\r138</Filter>
    </ClCompile>
    <ClCompile Include="Question\r138\Questionr138B.cpp">
      <Filter>ソース ファイル\Question\r138</Filter>
    </ClCompile>
    <ClCompile Include="Question\r138\Questionr138C.cpp">
      <Filter>ソース ファイル\Question\r138</Filter>
    </ClCompile>
    <ClCompile Include="Question\r138\Questionr138D.cpp">
      <Filter>ソース ファイル\Question\r138</Filter>
    </ClCompile>
    <ClCompile Include="Question\r138\Questionr138E.cpp">
      <Filter>ソース ファイル\Question\r138</Filter>
    </ClCompile>
    <ClCompile Include="Question\b251\Questionb251A.cpp">
      <Filter>ソース ファイル\Question\b251</Filter>
    </ClCompile>
    <ClCompile Include="Question\b251\Questionb251B.cpp">
      <Filter>ソース ファイル\Question\b251</Filter>
    </ClCompile>
    <ClCompile Include="Question\b251\Questionb251C.cpp">
      <Filter>ソース ファイル\Question\b251</Filter>
    </ClCompile>
    <ClCompile Include="Question\b251\Questionb251D.cpp">
      <Filter>ソース ファイル\Question\b251</Filter>
    </ClCompile>
    <ClCompile Include="Question\b251\Questionb251E.cpp">
      <Filter>ソース ファイル\Question\b251</Filter>
    </ClCompile>
    <ClCompile Include="Question\b251\Questionb251Ex.cpp">
      <Filter>ソース ファイル\Question\b251</Filter>
    </ClCompile>
    <ClCompile Include="Question\b251\Questionb251F.cpp">
      <Filter>ソース ファイル\Question\b251</Filter>
    </ClCompile>
    <ClCompile Include="Question\b251\Questionb251G.cpp">
      <Filter>ソース ファイル\Question\b251</Filter>
    </ClCompile>
  </ItemGroup>
</Project>